{
    "_readme": [
        "This file locks the dependencies of your project to a known state",
        "Read more about it at https://getcomposer.org/doc/01-basic-usage.md#composer-lock-the-lock-file",
        "This file is @generated automatically"
    ],
    "hash": "5a7699a3e0ab3e7c445d00ba3a7f8a8b",
    "content-hash": "af8cd9e09cd65066a6182aeb4afc91c3",
    "packages": [
        {
            "name": "codeigniter/framework",
            "version": "3.0.3",
            "source": {
                "type": "git",
                "url": "https://github.com/bcit-ci/CodeIgniter.git",
                "reference": "e7f0e7aa3d48778b5ad926eda14c825f62f421eb"
            },
            "dist": {
                "type": "zip",
                "url": "https://api.github.com/repos/bcit-ci/CodeIgniter/zipball/e7f0e7aa3d48778b5ad926eda14c825f62f421eb",
                "reference": "e7f0e7aa3d48778b5ad926eda14c825f62f421eb",
                "shasum": ""
            },
            "require": {
                "php": ">=5.2.4"
            },
            "require-dev": {
                "mikey179/vfsstream": "1.1.*"
            },
            "type": "project",
            "notification-url": "https://packagist.org/downloads/",
            "license": [
                "MIT"
            ],
            "description": "The CodeIgniter framework",
            "homepage": "http://codeigniter.com",
            "time": "2015-10-31 17:37:24"
        }
    ],
    "packages-dev": [
        {
            "name": "kenjis/ci-phpunit-test",
            "version": "dev-master",
            "source": {
                "type": "git",
                "url": "https://github.com/kenjis/ci-phpunit-test.git",
                "reference": "fc2b6ec8122a3ea1c7721f501718961eeccb82a5"
            },
            "dist": {
                "type": "zip",
                "url": "https://api.github.com/repos/kenjis/ci-phpunit-test/zipball/fc2b6ec8122a3ea1c7721f501718961eeccb82a5",
                "reference": "fc2b6ec8122a3ea1c7721f501718961eeccb82a5",
                "shasum": ""
            },
            "require": {
                "php": ">=5.4.0"
            },
            "replace": {
                "nikic/php-parser": "2.0.0"
            },
            "type": "library",
            "extra": {
                "branch-alias": {
                    "dev-master": "1.0.x-dev"
                }
            },
            "notification-url": "https://packagist.org/downloads/",
            "license": [
                "MIT"
            ],
            "authors": [
                {
                    "name": "Kenji Suzuki",
                    "homepage": "https://github.com/kenjis"
                }
            ],
            "description": "An easier way to use PHPUnit with CodeIgniter 3.0",
            "homepage": "http://kenjis.github.io/ci-phpunit-test/",
            "keywords": [
                "codeigniter",
                "monkey patch",
                "phpunit",
                "test",
                "unit testing"
            ],
            "time": "2016-01-07 14:00:04"
        },
        {
            "name": "mikey179/vfsStream",
            "version": "v1.1.0",
            "source": {
                "type": "git",
                "url": "https://github.com/mikey179/vfsStream.git",
                "reference": "fc0fe8f4d0b527254a2dc45f0c265567c881d07e"
            },
            "dist": {
                "type": "zip",
                "url": "https://api.github.com/repos/mikey179/vfsStream/zipball/fc0fe8f4d0b527254a2dc45f0c265567c881d07e",
                "reference": "fc0fe8f4d0b527254a2dc45f0c265567c881d07e",
                "shasum": ""
            },
            "require": {
                "php": ">=5.3.0"
            },
            "type": "library",
            "autoload": {
                "psr-0": {
                    "org\\bovigo\\vfs": "src/main/php"
                }
            },
            "notification-url": "https://packagist.org/downloads/",
            "license": [
                "BSD"
            ],
            "homepage": "http://vfs.bovigo.org/",
            "time": "2012-08-25 12:49:29"
        }
    ],
    "aliases": [],
    "minimum-stability": "stable",
    "stability-flags": {
        "kenjis/ci-phpunit-test": 20
    },
    "prefer-stable": false,
    "prefer-lowest": false,
    "platform": {
        "php": ">=5.3.2"
    },
    "platform-dev": []
}
